
Microsoft Visual Studio Solution File, Format Version 12.00
# Visual Studio Version 16
VisualStudioVersion = 16.0.31112.23
MinimumVisualStudioVersion = 10.0.40219.1
Project("{FAE04EC0-301F-11D3-BF4B-00C04F79EFBC}") = "MyGarageStyle", "MyGarageStyle\MyGarageStyle.csproj", "{68F2FED5-331D-40BD-8756-111F1B7F0654}"
EndProject
Global
	GlobalSection(SolutionConfigurationPlatforms) = preSolution
		Debug|Any CPU = Debug|Any CPU
		Release|Any CPU = Release|Any CPU
	EndGlobalSection
	GlobalSection(ProjectConfigurationPlatforms) = postSolution
		{68F2FED5-331D-40BD-8756-111F1B7F0654}.Debug|Any CPU.ActiveCfg = Debug|Any CPU
		{68F2FED5-331D-40BD-8756-111F1B7F0654}.Debug|Any CPU.Build.0 = Debug|Any CPU
		{68F2FED5-331D-40BD-8756-111F1B7F0654}.Release|Any CPU.ActiveCfg = Release|Any CPU
		{68F2FED5-331D-40BD-8756-111F1B7F0654}.Release|Any CPU.Build.0 = Release|Any CPU
	EndGlobalSection
	GlobalSection(SolutionProperties) = preSolution
		HideSolutionNode = FALSE
	EndGlobalSection
	GlobalSection(ExtensibilityGlobals) = postSolution
		SolutionGuid = {97F8B467-F80E-49A8-A165-056F0AAA57EA}
	EndGlobalSection
EndGlobal
